
Microsoft Visual Studio Solution File, Format Version 12.00
# Visual Studio 2013
VisualStudioVersion = 12.0.31101.0
MinimumVisualStudioVersion = 10.0.40219.1
Project("{FAE04EC0-301F-11D3-BF4B-00C04F79EFBC}") = "GhConnect.ODataBackend", "../../src/GhConnect/ODataBackend/GhConnect.ODataBackend.csproj", "{1902CE07-83E3-4648-B7EC-DE5AF514245B}"
EndProject
Project("{FAE04EC0-301F-11D3-BF4B-00C04F79EFBC}") = "GhConnect.Objects", "../../src/GhConnect/Objects/GhConnect.Objects.csproj", "{755E1FD7-3AC1-4DEA-8555-77FA5D214F8D}"
EndProject
Global
	GlobalSection(SolutionConfigurationPlatforms) = preSolution
Debug|Any CPU = Debug|Any CPU
Release|Any CPU = Release|Any CPU
	EndGlobalSection
	GlobalSection(ProjectConfigurationPlatforms) = postSolution
		{1902CE07-83E3-4648-B7EC-DE5AF514245B}.Debug|Any CPU.ActiveCfg = Debug|Any CPU
		{1902CE07-83E3-4648-B7EC-DE5AF514245B}.Debug|Any CPU.Build.0 = Debug|Any CPU
		{1902CE07-83E3-4648-B7EC-DE5AF514245B}.Release|Any CPU.ActiveCfg = Release|Any CPU
		{1902CE07-83E3-4648-B7EC-DE5AF514245B}.Release|Any CPU.Build.0 = Release|Any CPU
		{755E1FD7-3AC1-4DEA-8555-77FA5D214F8D}.Debug|Any CPU.ActiveCfg = Debug|Any CPU
		{755E1FD7-3AC1-4DEA-8555-77FA5D214F8D}.Debug|Any CPU.Build.0 = Debug|Any CPU
		{755E1FD7-3AC1-4DEA-8555-77FA5D214F8D}.Release|Any CPU.ActiveCfg = Release|Any CPU
		{755E1FD7-3AC1-4DEA-8555-77FA5D214F8D}.Release|Any CPU.Build.0 = Release|Any CPU
	EndGlobalSection
	GlobalSection(SolutionProperties) = preSolution
		HideSolutionNode = FALSE
	EndGlobalSection
EndGlobal
